// !$*UTF8*$!
{
	archiveVersion = 1;
	classes = {
	};
	objectVersion = 56;
	objects = {

/* Begin PBXBuildFile section */
		347A3BCD2D2D9E5B004243CE /* QueridoDiarioApp.swift in Sources */ = {isa = PBXBuildFile; fileRef = 347A3BCC2D2D9E5B004243CE /* QueridoDiarioApp.swift */; };
		347A3BCF2D2D9E5B004243CE /* ContentView.swift in Sources */ = {isa = PBXBuildFile; fileRef = 347A3BCE2D2D9E5B004243CE /* ContentView.swift */; };
		347A3BD12D2D9E5B004243CE /* Item.swift in Sources */ = {isa = PBXBuildFile; fileRef = 347A3BD02D2D9E5B004243CE /* Item.swift */; };
		347A3BD32D2D9E5C004243CE /* Assets.xcassets in Resources */ = {isa = PBXBuildFile; fileRef = 347A3BD22D2D9E5C004243CE /* Assets.xcassets */; };
		347A3BD62D2D9E5C004243CE /* Preview Assets.xcassets in Resources */ = {isa = PBXBuildFile; fileRef = 347A3BD52D2D9E5C004243CE /* Preview Assets.xcassets */; };
		347A3BE02D2D9E5C004243CE /* QueridoDiarioTests.swift in Sources */ = {isa = PBXBuildFile; fileRef = 347A3BDF2D2D9E5C004243CE /* QueridoDiarioTests.swift */; };
		347A3BEA2D2D9E5C004243CE /* QueridoDiarioUITests.swift in Sources */ = {isa = PBXBuildFile; fileRef = 347A3BE92D2D9E5C004243CE /* QueridoDiarioUITests.swift */; };
		347A3BEC2D2D9E5C004243CE /* QueridoDiarioUITestsLaunchTests.swift in Sources */ = {isa = PBXBuildFile; fileRef = 347A3BEB2D2D9E5C004243CE /* QueridoDiarioUITestsLaunchTests.swift */; };
		34FC5EB92D302BAE00048049 /* ViewModel.swift in Sources */ = {isa = PBXBuildFile; fileRef = 34FC5EB82D302BAE00048049 /* ViewModel.swift */; };
		34FC5EBB2D302C9300048049 /* PasswordView.swift in Sources */ = {isa = PBXBuildFile; fileRef = 34FC5EBA2D302C9300048049 /* PasswordView.swift */; };
		34FC5EBD2D302E1200048049 /* HomeView.swift in Sources */ = {isa = PBXBuildFile; fileRef = 34FC5EBC2D302E1200048049 /* HomeView.swift */; };
		34FC5EBF2D302E4300048049 /* CalendarView.swift in Sources */ = {isa = PBXBuildFile; fileRef = 34FC5EBE2D302E4300048049 /* CalendarView.swift */; };
		34FC5EC12D302E7500048049 /* DiaryView.swift in Sources */ = {isa = PBXBuildFile; fileRef = 34FC5EC02D302E7500048049 /* DiaryView.swift */; };
		34FC5EC32D302EA400048049 /* StatisticsView.swift in Sources */ = {isa = PBXBuildFile; fileRef = 34FC5EC22D302EA400048049 /* StatisticsView.swift */; };
/* End PBXBuildFile section */

/* Begin PBXContainerItemProxy section */
		347A3BDC2D2D9E5C004243CE /* PBXContainerItemProxy */ = {
			isa = PBXContainerItemProxy;
			containerPortal = 347A3BC12D2D9E5B004243CE /* Project object */;
			proxyType = 1;
			remoteGlobalIDString = 347A3BC82D2D9E5B004243CE;
			remoteInfo = QueridoDiario;
		};
		347A3BE62D2D9E5C004243CE /* PBXContainerItemProxy */ = {
			isa = PBXContainerItemProxy;
			containerPortal = 347A3BC12D2D9E5B004243CE /* Project object */;
			proxyType = 1;
			remoteGlobalIDString = 347A3BC82D2D9E5B004243CE;
			remoteInfo = QueridoDiario;
		};
/* End PBXContainerItemProxy section */

/* Begin PBXFileReference section */
		347A3BC92D2D9E5B004243CE /* QueridoDiario.app */ = {isa = PBXFileReference; explicitFileType = wrapper.application; includeInIndex = 0; path = QueridoDiario.app; sourceTree = BUILT_PRODUCTS_DIR; };
		347A3BCC2D2D9E5B004243CE /* QueridoDiarioApp.swift */ = {isa = PBXFileReference; lastKnownFileType = sourcecode.swift; path = QueridoDiarioApp.swift; sourceTree = "<group>"; };
		347A3BCE2D2D9E5B004243CE /* ContentView.swift */ = {isa = PBXFileReference; lastKnownFileType = sourcecode.swift; path = ContentView.swift; sourceTree = "<group>"; };
		347A3BD02D2D9E5B004243CE /* Item.swift */ = {isa = PBXFileReference; lastKnownFileType = sourcecode.swift; path = Item.swift; sourceTree = "<group>"; };
		347A3BD22D2D9E5C004243CE /* Assets.xcassets */ = {isa = PBXFileReference; lastKnownFileType = folder.assetcatalog; path = Assets.xcassets; sourceTree = "<group>"; };
		347A3BD52D2D9E5C004243CE /* Preview Assets.xcassets */ = {isa = PBXFileReference; lastKnownFileType = folder.assetcatalog; path = "Preview Assets.xcassets"; sourceTree = "<group>"; };
		347A3BDB2D2D9E5C004243CE /* QueridoDiarioTests.xctest */ = {isa = PBXFileReference; explicitFileType = wrapper.cfbundle; includeInIndex = 0; path = QueridoDiarioTests.xctest; sourceTree = BUILT_PRODUCTS_DIR; };
		347A3BDF2D2D9E5C004243CE /* QueridoDiarioTests.swift */ = {isa = PBXFileReference; lastKnownFileType = sourcecode.swift; path = QueridoDiarioTests.swift; sourceTree = "<group>"; };
		347A3BE52D2D9E5C004243CE /* QueridoDiarioUITests.xctest */ = {isa = PBXFileReference; explicitFileType = wrapper.cfbundle; includeInIndex = 0; path = QueridoDiarioUITests.xctest; sourceTree = BUILT_PRODUCTS_DIR; };
		347A3BE92D2D9E5C004243CE /* QueridoDiarioUITests.swift */ = {isa = PBXFileReference; lastKnownFileType = sourcecode.swift; path = QueridoDiarioUITests.swift; sourceTree = "<group>"; };
		347A3BEB2D2D9E5C004243CE /* QueridoDiarioUITestsLaunchTests.swift */ = {isa = PBXFileReference; lastKnownFileType = sourcecode.swift; path = QueridoDiarioUITestsLaunchTests.swift; sourceTree = "<group>"; };
		34FC5EB82D302BAE00048049 /* ViewModel.swift */ = {isa = PBXFileReference; lastKnownFileType = sourcecode.swift; path = ViewModel.swift; sourceTree = "<group>"; };
		34FC5EBA2D302C9300048049 /* PasswordView.swift */ = {isa = PBXFileReference; lastKnownFileType = sourcecode.swift; path = PasswordView.swift; sourceTree = "<group>"; };
		34FC5EBC2D302E1200048049 /* HomeView.swift */ = {isa = PBXFileReference; lastKnownFileType = sourcecode.swift; path = HomeView.swift; sourceTree = "<group>"; };
		34FC5EBE2D302E4300048049 /* CalendarView.swift */ = {isa = PBXFileReference; lastKnownFileType = sourcecode.swift; path = CalendarView.swift; sourceTree = "<group>"; };
		34FC5EC02D302E7500048049 /* DiaryView.swift */ = {isa = PBXFileReference; lastKnownFileType = sourcecode.swift; path = DiaryView.swift; sourceTree = "<group>"; };
		34FC5EC22D302EA400048049 /* StatisticsView.swift */ = {isa = PBXFileReference; lastKnownFileType = sourcecode.swift; path = StatisticsView.swift; sourceTree = "<group>"; };
/* End PBXFileReference section */

/* Begin PBXFrameworksBuildPhase section */
		347A3BC62D2D9E5B004243CE /* Frameworks */ = {
			isa = PBXFrameworksBuildPhase;
			buildActionMask = 2147483647;
			files = (
			);
			runOnlyForDeploymentPostprocessing = 0;
		};
		347A3BD82D2D9E5C004243CE /* Frameworks */ = {
			isa = PBXFrameworksBuildPhase;
			buildActionMask = 2147483647;
			files = (
			);
			runOnlyForDeploymentPostprocessing = 0;
		};
		347A3BE22D2D9E5C004243CE /* Frameworks */ = {
			isa = PBXFrameworksBuildPhase;
			buildActionMask = 2147483647;
			files = (
			);
			runOnlyForDeploymentPostprocessing = 0;
		};
/* End PBXFrameworksBuildPhase section */

/* Begin PBXGroup section */
		347A3BC02D2D9E5B004243CE = {
			isa = PBXGroup;
			children = (
				347A3BCB2D2D9E5B004243CE /* QueridoDiario */,
				347A3BDE2D2D9E5C004243CE /* QueridoDiarioTests */,
				347A3BE82D2D9E5C004243CE /* QueridoDiarioUITests */,
				347A3BCA2D2D9E5B004243CE /* Products */,
			);
			sourceTree = "<group>";
		};
		347A3BCA2D2D9E5B004243CE /* Products */ = {
			isa = PBXGroup;
			children = (
				347A3BC92D2D9E5B004243CE /* QueridoDiario.app */,
				347A3BDB2D2D9E5C004243CE /* QueridoDiarioTests.xctest */,
				347A3BE52D2D9E5C004243CE /* QueridoDiarioUITests.xctest */,
			);
			name = Products;
			sourceTree = "<group>";
		};
		347A3BCB2D2D9E5B004243CE /* QueridoDiario */ = {
			isa = PBXGroup;
			children = (
				34FC5EB72D302B8400048049 /* ViewModels */,
				34FC5EB62D302B7E00048049 /* Models */,
				34FC5EB52D302ADD00048049 /* Views */,
				34FC5EC42D31882600048049 /* Resources */,
				347A3BCC2D2D9E5B004243CE /* QueridoDiarioApp.swift */,
			);
			path = QueridoDiario;
			sourceTree = "<group>";
		};
		347A3BD42D2D9E5C004243CE /* Preview Content */ = {
			isa = PBXGroup;
			children = (
				347A3BD52D2D9E5C004243CE /* Preview Assets.xcassets */,
			);
			path = "Preview Content";
			sourceTree = "<group>";
		};
		347A3BDE2D2D9E5C004243CE /* QueridoDiarioTests */ = {
			isa = PBXGroup;
			children = (
				347A3BDF2D2D9E5C004243CE /* QueridoDiarioTests.swift */,
			);
			path = QueridoDiarioTests;
			sourceTree = "<group>";
		};
		347A3BE82D2D9E5C004243CE /* QueridoDiarioUITests */ = {
			isa = PBXGroup;
			children = (
				347A3BE92D2D9E5C004243CE /* QueridoDiarioUITests.swift */,
				347A3BEB2D2D9E5C004243CE /* QueridoDiarioUITestsLaunchTests.swift */,
			);
			path = QueridoDiarioUITests;
			sourceTree = "<group>";
		};
		34FC5EB52D302ADD00048049 /* Views */ = {
			isa = PBXGroup;
			children = (
				347A3BCE2D2D9E5B004243CE /* ContentView.swift */,
				34FC5EBA2D302C9300048049 /* PasswordView.swift */,
				34FC5EBC2D302E1200048049 /* HomeView.swift */,
				34FC5EBE2D302E4300048049 /* CalendarView.swift */,
				34FC5EC02D302E7500048049 /* DiaryView.swift */,
				34FC5EC22D302EA400048049 /* StatisticsView.swift */,
			);
			path = Views;
			sourceTree = "<group>";
		};
		34FC5EB62D302B7E00048049 /* Models */ = {
			isa = PBXGroup;
			children = (
				347A3BD02D2D9E5B004243CE /* Item.swift */,
			);
			path = Models;
			sourceTree = "<group>";
		};
		34FC5EB72D302B8400048049 /* ViewModels */ = {
			isa = PBXGroup;
			children = (
				34FC5EB82D302BAE00048049 /* ViewModel.swift */,
			);
			path = ViewModels;
			sourceTree = "<group>";
		};
		34FC5EC42D31882600048049 /* Resources */ = {
			isa = PBXGroup;
			children = (
				347A3BD22D2D9E5C004243CE /* Assets.xcassets */,
				347A3BD42D2D9E5C004243CE /* Preview Content */,
			);
			path = Resources;
			sourceTree = "<group>";
		};
/* End PBXGroup section */

/* Begin PBXNativeTarget section */
		347A3BC82D2D9E5B004243CE /* QueridoDiario */ = {
			isa = PBXNativeTarget;
			buildConfigurationList = 347A3BEF2D2D9E5C004243CE /* Build configuration list for PBXNativeTarget "QueridoDiario" */;
			buildPhases = (
				347A3BC52D2D9E5B004243CE /* Sources */,
				347A3BC62D2D9E5B004243CE /* Frameworks */,
				347A3BC72D2D9E5B004243CE /* Resources */,
			);
			buildRules = (
			);
			dependencies = (
			);
			name = QueridoDiario;
			productName = QueridoDiario;
			productReference = 347A3BC92D2D9E5B004243CE /* QueridoDiario.app */;
			productType = "com.apple.product-type.application";
		};
		347A3BDA2D2D9E5C004243CE /* QueridoDiarioTests */ = {
			isa = PBXNativeTarget;
			buildConfigurationList = 347A3BF22D2D9E5C004243CE /* Build configuration list for PBXNativeTarget "QueridoDiarioTests" */;
			buildPhases = (
				347A3BD72D2D9E5C004243CE /* Sources */,
				347A3BD82D2D9E5C004243CE /* Frameworks */,
				347A3BD92D2D9E5C004243CE /* Resources */,
			);
			buildRules = (
			);
			dependencies = (
				347A3BDD2D2D9E5C004243CE /* PBXTargetDependency */,
			);
			name = QueridoDiarioTests;
			productName = QueridoDiarioTests;
			productReference = 347A3BDB2D2D9E5C004243CE /* QueridoDiarioTests.xctest */;
			productType = "com.apple.product-type.bundle.unit-test";
		};
		347A3BE42D2D9E5C004243CE /* QueridoDiarioUITests */ = {
			isa = PBXNativeTarget;
			buildConfigurationList = 347A3BF52D2D9E5C004243CE /* Build configuration list for PBXNativeTarget "QueridoDiarioUITests" */;
			buildPhases = (
				347A3BE12D2D9E5C004243CE /* Sources */,
				347A3BE22D2D9E5C004243CE /* Frameworks */,
				347A3BE32D2D9E5C004243CE /* Resources */,
			);
			buildRules = (
			);
			dependencies = (
				347A3BE72D2D9E5C004243CE /* PBXTargetDependency */,
			);
			name = QueridoDiarioUITests;
			productName = QueridoDiarioUITests;
			productReference = 347A3BE52D2D9E5C004243CE /* QueridoDiarioUITests.xctest */;
			productType = "com.apple.product-type.bundle.ui-testing";
		};
/* End PBXNativeTarget section */

/* Begin PBXProject section */
		347A3BC12D2D9E5B004243CE /* Project object */ = {
			isa = PBXProject;
			attributes = {
				BuildIndependentTargetsInParallel = 1;
				LastSwiftUpdateCheck = 1540;
				LastUpgradeCheck = 1540;
				TargetAttributes = {
					347A3BC82D2D9E5B004243CE = {
						CreatedOnToolsVersion = 15.4;
					};
					347A3BDA2D2D9E5C004243CE = {
						CreatedOnToolsVersion = 15.4;
						TestTargetID = 347A3BC82D2D9E5B004243CE;
					};
					347A3BE42D2D9E5C004243CE = {
						CreatedOnToolsVersion = 15.4;
						TestTargetID = 347A3BC82D2D9E5B004243CE;
					};
				};
			};
			buildConfigurationList = 347A3BC42D2D9E5B004243CE /* Build configuration list for PBXProject "QueridoDiario" */;
			compatibilityVersion = "Xcode 14.0";
			developmentRegion = en;
			hasScannedForEncodings = 0;
			knownRegions = (
				en,
				Base,
			);
			mainGroup = 347A3BC02D2D9E5B004243CE;
			productRefGroup = 347A3BCA2D2D9E5B004243CE /* Products */;
			projectDirPath = "";
			projectRoot = "";
			targets = (
				347A3BC82D2D9E5B004243CE /* QueridoDiario */,
				347A3BDA2D2D9E5C004243CE /* QueridoDiarioTests */,
				347A3BE42D2D9E5C004243CE /* QueridoDiarioUITests */,
			);
		};
/* End PBXProject section */

/* Begin PBXResourcesBuildPhase section */
		347A3BC72D2D9E5B004243CE /* Resources */ = {
			isa = PBXResourcesBuildPhase;
			buildActionMask = 2147483647;
			files = (
				347A3BD62D2D9E5C004243CE /* Preview Assets.xcassets in Resources */,
				347A3BD32D2D9E5C004243CE /* Assets.xcassets in Resources */,
			);
			runOnlyForDeploymentPostprocessing = 0;
		};
		347A3BD92D2D9E5C004243CE /* Resources */ = {
			isa = PBXResourcesBuildPhase;
			buildActionMask = 2147483647;
			files = (
			);
			runOnlyForDeploymentPostprocessing = 0;
		};
		347A3BE32D2D9E5C004243CE /* Resources */ = {
			isa = PBXResourcesBuildPhase;
			buildActionMask = 2147483647;
			files = (
			);
			runOnlyForDeploymentPostprocessing = 0;
		};
/* End PBXResourcesBuildPhase section */

/* Begin PBXSourcesBuildPhase section */
		347A3BC52D2D9E5B004243CE /* Sources */ = {
			isa = PBXSourcesBuildPhase;
			buildActionMask = 2147483647;
			files = (
				34FC5EBB2D302C9300048049 /* PasswordView.swift in Sources */,
				34FC5EBF2D302E4300048049 /* CalendarView.swift in Sources */,
				347A3BCF2D2D9E5B004243CE /* ContentView.swift in Sources */,
				347A3BD12D2D9E5B004243CE /* Item.swift in Sources */,
				34FC5EC32D302EA400048049 /* StatisticsView.swift in Sources */,
				34FC5EBD2D302E1200048049 /* HomeView.swift in Sources */,
				34FC5EB92D302BAE00048049 /* ViewModel.swift in Sources */,
				34FC5EC12D302E7500048049 /* DiaryView.swift in Sources */,
				347A3BCD2D2D9E5B004243CE /* QueridoDiarioApp.swift in Sources */,
			);
			runOnlyForDeploymentPostprocessing = 0;
		};
		347A3BD72D2D9E5C004243CE /* Sources */ = {
			isa = PBXSourcesBuildPhase;
			buildActionMask = 2147483647;
			files = (
				347A3BE02D2D9E5C004243CE /* QueridoDiarioTests.swift in Sources */,
			);
			runOnlyForDeploymentPostprocessing = 0;
		};
		347A3BE12D2D9E5C004243CE /* Sources */ = {
			isa = PBXSourcesBuildPhase;
			buildActionMask = 2147483647;
			files = (
				347A3BEC2D2D9E5C004243CE /* QueridoDiarioUITestsLaunchTests.swift in Sources */,
				347A3BEA2D2D9E5C004243CE /* QueridoDiarioUITests.swift in Sources */,
			);
			runOnlyForDeploymentPostprocessing = 0;
		};
/* End PBXSourcesBuildPhase section */

/* Begin PBXTargetDependency section */
		347A3BDD2D2D9E5C004243CE /* PBXTargetDependency */ = {
			isa = PBXTargetDependency;
			target = 347A3BC82D2D9E5B004243CE /* QueridoDiario */;
			targetProxy = 347A3BDC2D2D9E5C004243CE /* PBXContainerItemProxy */;
		};
		347A3BE72D2D9E5C004243CE /* PBXTargetDependency */ = {
			isa = PBXTargetDependency;
			target = 347A3BC82D2D9E5B004243CE /* QueridoDiario */;
			targetProxy = 347A3BE62D2D9E5C004243CE /* PBXContainerItemProxy */;
		};
/* End PBXTargetDependency section */

/* Begin XCBuildConfiguration section */
		347A3BED2D2D9E5C004243CE /* Debug */ = {
			isa = XCBuildConfiguration;
			buildSettings = {
				ALWAYS_SEARCH_USER_PATHS = NO;
				ASSETCATALOG_COMPILER_GENERATE_SWIFT_ASSET_SYMBOL_EXTENSIONS = YES;
				CLANG_ANALYZER_NONNULL = YES;
				CLANG_ANALYZER_NUMBER_OBJECT_CONVERSION = YES_AGGRESSIVE;
				CLANG_CXX_LANGUAGE_STANDARD = "gnu++20";
				CLANG_ENABLE_MODULES = YES;
				CLANG_ENABLE_OBJC_ARC = YES;
				CLANG_ENABLE_OBJC_WEAK = YES;
				CLANG_WARN_BLOCK_CAPTURE_AUTORELEASING = YES;
				CLANG_WARN_BOOL_CONVERSION = YES;
				CLANG_WARN_COMMA = YES;
				CLANG_WARN_CONSTANT_CONVERSION = YES;
				CLANG_WARN_DEPRECATED_OBJC_IMPLEMENTATIONS = YES;
				CLANG_WARN_DIRECT_OBJC_ISA_USAGE = YES_ERROR;
				CLANG_WARN_DOCUMENTATION_COMMENTS = YES;
				CLANG_WARN_EMPTY_BODY = YES;
				CLANG_WARN_ENUM_CONVERSION = YES;
				CLANG_WARN_INFINITE_RECURSION = YES;
				CLANG_WARN_INT_CONVERSION = YES;
				CLANG_WARN_NON_LITERAL_NULL_CONVERSION = YES;
				CLANG_WARN_OBJC_IMPLICIT_RETAIN_SELF = YES;
				CLANG_WARN_OBJC_LITERAL_CONVERSION = YES;
				CLANG_WARN_OBJC_ROOT_CLASS = YES_ERROR;
				CLANG_WARN_QUOTED_INCLUDE_IN_FRAMEWORK_HEADER = YES;
				CLANG_WARN_RANGE_LOOP_ANALYSIS = YES;
				CLANG_WARN_STRICT_PROTOTYPES = YES;
				CLANG_WARN_SUSPICIOUS_MOVE = YES;
				CLANG_WARN_UNGUARDED_AVAILABILITY = YES_AGGRESSIVE;
				CLANG_WARN_UNREACHABLE_CODE = YES;
				CLANG_WARN__DUPLICATE_METHOD_MATCH = YES;
				COPY_PHASE_STRIP = NO;
				DEBUG_INFORMATION_FORMAT = dwarf;
				ENABLE_STRICT_OBJC_MSGSEND = YES;
				ENABLE_TESTABILITY = YES;
				ENABLE_USER_SCRIPT_SANDBOXING = YES;
				GCC_C_LANGUAGE_STANDARD = gnu17;
				GCC_DYNAMIC_NO_PIC = NO;
				GCC_NO_COMMON_BLOCKS = YES;
				GCC_OPTIMIZATION_LEVEL = 0;
				GCC_PREPROCESSOR_DEFINITIONS = (
					"DEBUG=1",
					"$(inherited)",
				);
				GCC_WARN_64_TO_32_BIT_CONVERSION = YES;
				GCC_WARN_ABOUT_RETURN_TYPE = YES_ERROR;
				GCC_WARN_UNDECLARED_SELECTOR = YES;
				GCC_WARN_UNINITIALIZED_AUTOS = YES_AGGRESSIVE;
				GCC_WARN_UNUSED_FUNCTION = YES;
				GCC_WARN_UNUSED_VARIABLE = YES;
				IPHONEOS_DEPLOYMENT_TARGET = 17.5;
				LOCALIZATION_PREFERS_STRING_CATALOGS = YES;
				MTL_ENABLE_DEBUG_INFO = INCLUDE_SOURCE;
				MTL_FAST_MATH = YES;
				ONLY_ACTIVE_ARCH = YES;
				SDKROOT = iphoneos;
				SWIFT_ACTIVE_COMPILATION_CONDITIONS = "DEBUG $(inherited)";
				SWIFT_OPTIMIZATION_LEVEL = "-Onone";
			};
			name = Debug;
		};
		347A3BEE2D2D9E5C004243CE /* Release */ = {
			isa = XCBuildConfiguration;
			buildSettings = {
				ALWAYS_SEARCH_USER_PATHS = NO;
				ASSETCATALOG_COMPILER_GENERATE_SWIFT_ASSET_SYMBOL_EXTENSIONS = YES;
				CLANG_ANALYZER_NONNULL = YES;
				CLANG_ANALYZER_NUMBER_OBJECT_CONVERSION = YES_AGGRESSIVE;
				CLANG_CXX_LANGUAGE_STANDARD = "gnu++20";
				CLANG_ENABLE_MODULES = YES;
				CLANG_ENABLE_OBJC_ARC = YES;
				CLANG_ENABLE_OBJC_WEAK = YES;
				CLANG_WARN_BLOCK_CAPTURE_AUTORELEASING = YES;
				CLANG_WARN_BOOL_CONVERSION = YES;
				CLANG_WARN_COMMA = YES;
				CLANG_WARN_CONSTANT_CONVERSION = YES;
				CLANG_WARN_DEPRECATED_OBJC_IMPLEMENTATIONS = YES;
				CLANG_WARN_DIRECT_OBJC_ISA_USAGE = YES_ERROR;
				CLANG_WARN_DOCUMENTATION_COMMENTS = YES;
				CLANG_WARN_EMPTY_BODY = YES;
				CLANG_WARN_ENUM_CONVERSION = YES;
				CLANG_WARN_INFINITE_RECURSION = YES;
				CLANG_WARN_INT_CONVERSION = YES;
				CLANG_WARN_NON_LITERAL_NULL_CONVERSION = YES;
				CLANG_WARN_OBJC_IMPLICIT_RETAIN_SELF = YES;
				CLANG_WARN_OBJC_LITERAL_CONVERSION = YES;
				CLANG_WARN_OBJC_ROOT_CLASS = YES_ERROR;
				CLANG_WARN_QUOTED_INCLUDE_IN_FRAMEWORK_HEADER = YES;
				CLANG_WARN_RANGE_LOOP_ANALYSIS = YES;
				CLANG_WARN_STRICT_PROTOTYPES = YES;
				CLANG_WARN_SUSPICIOUS_MOVE = YES;
				CLANG_WARN_UNGUARDED_AVAILABILITY = YES_AGGRESSIVE;
				CLANG_WARN_UNREACHABLE_CODE = YES;
				CLANG_WARN__DUPLICATE_METHOD_MATCH = YES;
				COPY_PHASE_STRIP = NO;
				DEBUG_INFORMATION_FORMAT = "dwarf-with-dsym";
				ENABLE_NS_ASSERTIONS = NO;
				ENABLE_STRICT_OBJC_MSGSEND = YES;
				ENABLE_USER_SCRIPT_SANDBOXING = YES;
				GCC_C_LANGUAGE_STANDARD = gnu17;
				GCC_NO_COMMON_BLOCKS = YES;
				GCC_WARN_64_TO_32_BIT_CONVERSION = YES;
				GCC_WARN_ABOUT_RETURN_TYPE = YES_ERROR;
				GCC_WARN_UNDECLARED_SELECTOR = YES;
				GCC_WARN_UNINITIALIZED_AUTOS = YES_AGGRESSIVE;
				GCC_WARN_UNUSED_FUNCTION = YES;
				GCC_WARN_UNUSED_VARIABLE = YES;
				IPHONEOS_DEPLOYMENT_TARGET = 17.5;
				LOCALIZATION_PREFERS_STRING_CATALOGS = YES;
				MTL_ENABLE_DEBUG_INFO = NO;
				MTL_FAST_MATH = YES;
				SDKROOT = iphoneos;
				SWIFT_COMPILATION_MODE = wholemodule;
				VALIDATE_PRODUCT = YES;
			};
			name = Release;
		};
		347A3BF02D2D9E5C004243CE /* Debug */ = {
			isa = XCBuildConfiguration;
			buildSettings = {
				ASSETCATALOG_COMPILER_APPICON_NAME = AppIcon;
				ASSETCATALOG_COMPILER_GLOBAL_ACCENT_COLOR_NAME = AccentColor;
				CODE_SIGN_STYLE = Automatic;
				CURRENT_PROJECT_VERSION = 1;
				DEVELOPMENT_ASSET_PATHS = "\"QueridoDiario/Resources/Preview Content\"";
				DEVELOPMENT_TEAM = MT4A7M75NC;
				ENABLE_PREVIEWS = YES;
				GENERATE_INFOPLIST_FILE = YES;
				INFOPLIST_KEY_UIApplicationSceneManifest_Generation = YES;
				INFOPLIST_KEY_UIApplicationSupportsIndirectInputEvents = YES;
				INFOPLIST_KEY_UILaunchScreen_Generation = YES;
				INFOPLIST_KEY_UISupportedInterfaceOrientations_iPad = "UIInterfaceOrientationPortrait UIInterfaceOrientationPortraitUpsideDown UIInterfaceOrientationLandscapeLeft UIInterfaceOrientationLandscapeRight";
				INFOPLIST_KEY_UISupportedInterfaceOrientations_iPhone = "UIInterfaceOrientationPortrait UIInterfaceOrientationLandscapeLeft UIInterfaceOrientationLandscapeRight";
				LD_RUNPATH_SEARCH_PATHS = (
					"$(inherited)",
					"@executable_path/Frameworks",
				);
				MARKETING_VERSION = 1.0;
				PRODUCT_BUNDLE_IDENTIFIER = QueridoDiario.QueridoDiario;
				PRODUCT_NAME = "$(TARGET_NAME)";
				SWIFT_EMIT_LOC_STRINGS = YES;
				SWIFT_VERSION = 5.0;
				TARGETED_DEVICE_FAMILY = "1,2";
			};
			name = Debug;
		};
		347A3BF12D2D9E5C004243CE /* Release */ = {
			isa = XCBuildConfiguration;
			buildSettings = {
				ASSETCATALOG_COMPILER_APPICON_NAME = AppIcon;
				ASSETCATALOG_COMPILER_GLOBAL_ACCENT_COLOR_NAME = AccentColor;
				CODE_SIGN_STYLE = Automatic;
				CURRENT_PROJECT_VERSION = 1;
				DEVELOPMENT_ASSET_PATHS = "\"QueridoDiario/Resources/Preview Content\"";
				DEVELOPMENT_TEAM = MT4A7M75NC;
				ENABLE_PREVIEWS = YES;
				GENERATE_INFOPLIST_FILE = YES;
				INFOPLIST_KEY_UIApplicationSceneManifest_Generation = YES;
				INFOPLIST_KEY_UIApplicationSupportsIndirectInputEvents = YES;
				INFOPLIST_KEY_UILaunchScreen_Generation = YES;
				INFOPLIST_KEY_UISupportedInterfaceOrientations_iPad = "UIInterfaceOrientationPortrait UIInterfaceOrientationPortraitUpsideDown UIInterfaceOrientationLandscapeLeft UIInterfaceOrientationLandscapeRight";
				INFOPLIST_KEY_UISupportedInterfaceOrientations_iPhone = "UIInterfaceOrientationPortrait UIInterfaceOrientationLandscapeLeft UIInterfaceOrientationLandscapeRight";
				LD_RUNPATH_SEARCH_PATHS = (
					"$(inherited)",
					"@executable_path/Frameworks",
				);
				MARKETING_VERSION = 1.0;
				PRODUCT_BUNDLE_IDENTIFIER = QueridoDiario.QueridoDiario;
				PRODUCT_NAME = "$(TARGET_NAME)";
				SWIFT_EMIT_LOC_STRINGS = YES;
				SWIFT_VERSION = 5.0;
				TARGETED_DEVICE_FAMILY = "1,2";
			};
			name = Release;
		};
		347A3BF32D2D9E5C004243CE /* Debug */ = {
			isa = XCBuildConfiguration;
			buildSettings = {
				ALWAYS_EMBED_SWIFT_STANDARD_LIBRARIES = YES;
				BUNDLE_LOADER = "$(TEST_HOST)";
				CODE_SIGN_STYLE = Automatic;
				CURRENT_PROJECT_VERSION = 1;
				DEVELOPMENT_TEAM = MT4A7M75NC;
				GENERATE_INFOPLIST_FILE = YES;
				IPHONEOS_DEPLOYMENT_TARGET = 17.5;
				MARKETING_VERSION = 1.0;
				PRODUCT_BUNDLE_IDENTIFIER = QueridoDiario.QueridoDiarioTests;
				PRODUCT_NAME = "$(TARGET_NAME)";
				SWIFT_EMIT_LOC_STRINGS = NO;
				SWIFT_VERSION = 5.0;
				TARGETED_DEVICE_FAMILY = "1,2";
				TEST_HOST = "$(BUILT_PRODUCTS_DIR)/QueridoDiario.app/$(BUNDLE_EXECUTABLE_FOLDER_PATH)/QueridoDiario";
			};
			name = Debug;
		};
		347A3BF42D2D9E5C004243CE /* Release */ = {
			isa = XCBuildConfiguration;
			buildSettings = {
				ALWAYS_EMBED_SWIFT_STANDARD_LIBRARIES = YES;
				BUNDLE_LOADER = "$(TEST_HOST)";
				CODE_SIGN_STYLE = Automatic;
				CURRENT_PROJECT_VERSION = 1;
				DEVELOPMENT_TEAM = MT4A7M75NC;
				GENERATE_INFOPLIST_FILE = YES;
				IPHONEOS_DEPLOYMENT_TARGET = 17.5;
				MARKETING_VERSION = 1.0;
				PRODUCT_BUNDLE_IDENTIFIER = QueridoDiario.QueridoDiarioTests;
				PRODUCT_NAME = "$(TARGET_NAME)";
				SWIFT_EMIT_LOC_STRINGS = NO;
				SWIFT_VERSION = 5.0;
				TARGETED_DEVICE_FAMILY = "1,2";
				TEST_HOST = "$(BUILT_PRODUCTS_DIR)/QueridoDiario.app/$(BUNDLE_EXECUTABLE_FOLDER_PATH)/QueridoDiario";
			};
			name = Release;
		};
		347A3BF62D2D9E5C004243CE /* Debug */ = {
			isa = XCBuildConfiguration;
			buildSettings = {
				ALWAYS_EMBED_SWIFT_STANDARD_LIBRARIES = YES;
				CODE_SIGN_STYLE = Automatic;
				CURRENT_PROJECT_VERSION = 1;
				DEVELOPMENT_TEAM = MT4A7M75NC;
				GENERATE_INFOPLIST_FILE = YES;
				MARKETING_VERSION = 1.0;
				PRODUCT_BUNDLE_IDENTIFIER = QueridoDiario.QueridoDiarioUITests;
				PRODUCT_NAME = "$(TARGET_NAME)";
				SWIFT_EMIT_LOC_STRINGS = NO;
				SWIFT_VERSION = 5.0;
				TARGETED_DEVICE_FAMILY = "1,2";
				TEST_TARGET_NAME = QueridoDiario;
			};
			name = Debug;
		};
		347A3BF72D2D9E5C004243CE /* Release */ = {
			isa = XCBuildConfiguration;
			buildSettings = {
				ALWAYS_EMBED_SWIFT_STANDARD_LIBRARIES = YES;
				CODE_SIGN_STYLE = Automatic;
				CURRENT_PROJECT_VERSION = 1;
				DEVELOPMENT_TEAM = MT4A7M75NC;
				GENERATE_INFOPLIST_FILE = YES;
				MARKETING_VERSION = 1.0;
				PRODUCT_BUNDLE_IDENTIFIER = QueridoDiario.QueridoDiarioUITests;
				PRODUCT_NAME = "$(TARGET_NAME)";
				SWIFT_EMIT_LOC_STRINGS = NO;
				SWIFT_VERSION = 5.0;
				TARGETED_DEVICE_FAMILY = "1,2";
				TEST_TARGET_NAME = QueridoDiario;
			};
			name = Release;
		};
/* End XCBuildConfiguration section */

/* Begin XCConfigurationList section */
		347A3BC42D2D9E5B004243CE /* Build configuration list for PBXProject "QueridoDiario" */ = {
			isa = XCConfigurationList;
			buildConfigurations = (
				347A3BED2D2D9E5C004243CE /* Debug */,
				347A3BEE2D2D9E5C004243CE /* Release */,
			);
			defaultConfigurationIsVisible = 0;
			defaultConfigurationName = Release;
		};
		347A3BEF2D2D9E5C004243CE /* Build configuration list for PBXNativeTarget "QueridoDiario" */ = {
			isa = XCConfigurationList;
			buildConfigurations = (
				347A3BF02D2D9E5C004243CE /* Debug */,
				347A3BF12D2D9E5C004243CE /* Release */,
			);
			defaultConfigurationIsVisible = 0;
			defaultConfigurationName = Release;
		};
		347A3BF22D2D9E5C004243CE /* Build configuration list for PBXNativeTarget "QueridoDiarioTests" */ = {
			isa = XCConfigurationList;
			buildConfigurations = (
				347A3BF32D2D9E5C004243CE /* Debug */,
				347A3BF42D2D9E5C004243CE /* Release */,
			);
			defaultConfigurationIsVisible = 0;
			defaultConfigurationName = Release;
		};
		347A3BF52D2D9E5C004243CE /* Build configuration list for PBXNativeTarget "QueridoDiarioUITests" */ = {
			isa = XCConfigurationList;
			buildConfigurations = (
				347A3BF62D2D9E5C004243CE /* Debug */,
				347A3BF72D2D9E5C004243CE /* Release */,
			);
			defaultConfigurationIsVisible = 0;
			defaultConfigurationName = Release;
		};
/* End XCConfigurationList section */
	};
	rootObject = 347A3BC12D2D9E5B004243CE /* Project object */;
}
